
Microsoft Visual Studio Solution File, Format Version 12.00
# Visual Studio 15
VisualStudioVersion = 15.0.27130.2027
MinimumVisualStudioVersion = 10.0.40219.1
Project("{E24C65DC-7377-472B-9ABA-BC803B73C61A}") = "ConstructionManagementGlobal", "ConstructionManagementGlobal\", "{71914FED-CF81-469E-B16C-B21D6C96FB88}"
	ProjectSection(WebsiteProperties) = preProject
		TargetFrameworkMoniker = ".NETFramework,Version%3Dv4.6.1"
		Debug.AspNetCompiler.VirtualPath = "/localhost_51415"
		Debug.AspNetCompiler.PhysicalPath = "ConstructionManagementGlobal\"
		Debug.AspNetCompiler.TargetPath = "PrecompiledWeb\localhost_51415\"
		Debug.AspNetCompiler.Updateable = "true"
		Debug.AspNetCompiler.ForceOverwrite = "true"
		Debug.AspNetCompiler.FixedNames = "false"
		Debug.AspNetCompiler.Debug = "True"
		Release.AspNetCompiler.VirtualPath = "/localhost_51415"
		Release.AspNetCompiler.PhysicalPath = "ConstructionManagementGlobal\"
		Release.AspNetCompiler.TargetPath = "PrecompiledWeb\localhost_51415\"
		Release.AspNetCompiler.Updateable = "true"
		Release.AspNetCompiler.ForceOverwrite = "true"
		Release.AspNetCompiler.FixedNames = "false"
		Release.AspNetCompiler.Debug = "False"
		VWDPort = "51415"
		SlnRelativePath = "ConstructionManagementGlobal\"
		DefaultWebSiteLanguage = "Visual C#"
	EndProjectSection
EndProject
Global
	GlobalSection(SolutionConfigurationPlatforms) = preSolution
		Debug|Any CPU = Debug|Any CPU
	EndGlobalSection
	GlobalSection(ProjectConfigurationPlatforms) = postSolution
		{71914FED-CF81-469E-B16C-B21D6C96FB88}.Debug|Any CPU.ActiveCfg = Debug|Any CPU
		{71914FED-CF81-469E-B16C-B21D6C96FB88}.Debug|Any CPU.Build.0 = Debug|Any CPU
	EndGlobalSection
	GlobalSection(SolutionProperties) = preSolution
		HideSolutionNode = FALSE
	EndGlobalSection
	GlobalSection(ExtensibilityGlobals) = postSolution
		SolutionGuid = {48CAD04B-A796-48D7-9BD7-B2982DF0A0C5}
	EndGlobalSection
EndGlobal
